// !$*UTF8*$!
{
	archiveVersion = 1;
	classes = {
	};
	objectVersion = 50;
	objects = {

/* Begin PBXBuildFile section */
		9D0C954321893F5800E6FF55 /* addGameViewController.swift in Sources */ = {isa = PBXBuildFile; fileRef = 9D0C954221893F5800E6FF55 /* addGameViewController.swift */; };
		9D104C7721875A1B0054DE31 /* AppDelegate.swift in Sources */ = {isa = PBXBuildFile; fileRef = 9D104C7621875A1B0054DE31 /* AppDelegate.swift */; };
		9D104C7921875A1B0054DE31 /* ViewController.swift in Sources */ = {isa = PBXBuildFile; fileRef = 9D104C7821875A1B0054DE31 /* ViewController.swift */; };
		9D104C7C21875A1B0054DE31 /* Main.storyboard in Resources */ = {isa = PBXBuildFile; fileRef = 9D104C7A21875A1B0054DE31 /* Main.storyboard */; };
		9D104C7E21875A1C0054DE31 /* Assets.xcassets in Resources */ = {isa = PBXBuildFile; fileRef = 9D104C7D21875A1C0054DE31 /* Assets.xcassets */; };
		9D104C8121875A1C0054DE31 /* LaunchScreen.storyboard in Resources */ = {isa = PBXBuildFile; fileRef = 9D104C7F21875A1C0054DE31 /* LaunchScreen.storyboard */; };
		9D104C8921875CE70054DE31 /* Library View Controller.swift in Sources */ = {isa = PBXBuildFile; fileRef = 9D104C8821875CE70054DE31 /* Library View Controller.swift */; };
		9D104C8B218777C20054DE31 /* Game.swift in Sources */ = {isa = PBXBuildFile; fileRef = 9D104C8A218777C20054DE31 /* Game.swift */; };
		9D104C8D21877D0B0054DE31 /* Library .swift in Sources */ = {isa = PBXBuildFile; fileRef = 9D104C8C21877D0B0054DE31 /* Library .swift */; };
		9DFE3EF3218B589900FFAEE3 /* libraryCell.swift in Sources */ = {isa = PBXBuildFile; fileRef = 9DFE3EF2218B589900FFAEE3 /* libraryCell.swift */; };
/* End PBXBuildFile section */

/* Begin PBXFileReference section */
		07131B8CDE7740B95C2419EE /* Pods-Video Game Library.debug.xcconfig */ = {isa = PBXFileReference; includeInIndex = 1; lastKnownFileType = text.xcconfig; name = "Pods-Video Game Library.debug.xcconfig"; path = "Pods/Target Support Files/Pods-Video Game Library/Pods-Video Game Library.debug.xcconfig"; sourceTree = "<group>"; };
		7304F48E9CC66073197372DF /* Pods-Video Game Library.release.xcconfig */ = {isa = PBXFileReference; includeInIndex = 1; lastKnownFileType = text.xcconfig; name = "Pods-Video Game Library.release.xcconfig"; path = "Pods/Target Support Files/Pods-Video Game Library/Pods-Video Game Library.release.xcconfig"; sourceTree = "<group>"; };
		9D0C954221893F5800E6FF55 /* addGameViewController.swift */ = {isa = PBXFileReference; lastKnownFileType = sourcecode.swift; path = addGameViewController.swift; sourceTree = "<group>"; };
		9D104C7321875A1B0054DE31 /* Video Game Library.app */ = {isa = PBXFileReference; explicitFileType = wrapper.application; includeInIndex = 0; path = "Video Game Library.app"; sourceTree = BUILT_PRODUCTS_DIR; };
		9D104C7621875A1B0054DE31 /* AppDelegate.swift */ = {isa = PBXFileReference; lastKnownFileType = sourcecode.swift; path = AppDelegate.swift; sourceTree = "<group>"; };
		9D104C7821875A1B0054DE31 /* ViewController.swift */ = {isa = PBXFileReference; lastKnownFileType = sourcecode.swift; path = ViewController.swift; sourceTree = "<group>"; };
		9D104C7B21875A1B0054DE31 /* Base */ = {isa = PBXFileReference; lastKnownFileType = file.storyboard; name = Base; path = Base.lproj/Main.storyboard; sourceTree = "<group>"; };
		9D104C7D21875A1C0054DE31 /* Assets.xcassets */ = {isa = PBXFileReference; lastKnownFileType = folder.assetcatalog; path = Assets.xcassets; sourceTree = "<group>"; };
		9D104C8021875A1C0054DE31 /* Base */ = {isa = PBXFileReference; lastKnownFileType = file.storyboard; name = Base; path = Base.lproj/LaunchScreen.storyboard; sourceTree = "<group>"; };
		9D104C8221875A1C0054DE31 /* Info.plist */ = {isa = PBXFileReference; lastKnownFileType = text.plist.xml; path = Info.plist; sourceTree = "<group>"; };
		9D104C8821875CE70054DE31 /* Library View Controller.swift */ = {isa = PBXFileReference; lastKnownFileType = sourcecode.swift; path = "Library View Controller.swift"; sourceTree = "<group>"; };
		9D104C8A218777C20054DE31 /* Game.swift */ = {isa = PBXFileReference; lastKnownFileType = sourcecode.swift; path = Game.swift; sourceTree = "<group>"; };
		9D104C8C21877D0B0054DE31 /* Library .swift */ = {isa = PBXFileReference; lastKnownFileType = sourcecode.swift; path = "Library .swift"; sourceTree = "<group>"; };
		9DFE3EF2218B589900FFAEE3 /* libraryCell.swift */ = {isa = PBXFileReference; lastKnownFileType = sourcecode.swift; path = libraryCell.swift; sourceTree = "<group>"; };
/* End PBXFileReference section */

/* Begin PBXFrameworksBuildPhase section */
		9D104C7021875A1B0054DE31 /* Frameworks */ = {
			isa = PBXFrameworksBuildPhase;
			buildActionMask = 2147483647;
			files = (
			);
			runOnlyForDeploymentPostprocessing = 0;
		};
/* End PBXFrameworksBuildPhase section */

/* Begin PBXGroup section */
		1C3D7C44208F61B8EC4F404C /* Pods */ = {
			isa = PBXGroup;
			children = (
				07131B8CDE7740B95C2419EE /* Pods-Video Game Library.debug.xcconfig */,
				7304F48E9CC66073197372DF /* Pods-Video Game Library.release.xcconfig */,
			);
			name = Pods;
			sourceTree = "<group>";
		};
		9D104C6A21875A1B0054DE31 = {
			isa = PBXGroup;
			children = (
				9D104C7521875A1B0054DE31 /* Video Game Library */,
				1C3D7C44208F61B8EC4F404C /* Pods */,
				CFC43E8FC252A4C7DCDDDCDB /* Frameworks */,
			);
			sourceTree = "<group>";
		};
		9D104C7421875A1B0054DE31 /* Products */ = {
			isa = PBXGroup;
			children = (
				9D104C7321875A1B0054DE31 /* Video Game Library.app */,
			);
			name = Products;
			path = ..;
			sourceTree = "<group>";
		};
		9D104C7521875A1B0054DE31 /* Video Game Library */ = {
			isa = PBXGroup;
			children = (
				9D104C7621875A1B0054DE31 /* AppDelegate.swift */,
				9D104C7821875A1B0054DE31 /* ViewController.swift */,
				9D104C8821875CE70054DE31 /* Library View Controller.swift */,
				9D0C954221893F5800E6FF55 /* addGameViewController.swift */,
				9D104C8A218777C20054DE31 /* Game.swift */,
				9D104C8C21877D0B0054DE31 /* Library .swift */,
				9DFE3EF2218B589900FFAEE3 /* libraryCell.swift */,
				9D104C7A21875A1B0054DE31 /* Main.storyboard */,
				9D104C7D21875A1C0054DE31 /* Assets.xcassets */,
				9D104C7F21875A1C0054DE31 /* LaunchScreen.storyboard */,
				9D104C8221875A1C0054DE31 /* Info.plist */,
				9D104C7421875A1B0054DE31 /* Products */,
			);
			path = "Video Game Library";
			sourceTree = "<group>";
		};
		CFC43E8FC252A4C7DCDDDCDB /* Frameworks */ = {
			isa = PBXGroup;
			children = (
			);
			name = Frameworks;
			sourceTree = "<group>";
		};
/* End PBXGroup section */

/* Begin PBXNativeTarget section */
		9D104C7221875A1B0054DE31 /* Video Game Library */ = {
			isa = PBXNativeTarget;
			buildConfigurationList = 9D104C8521875A1C0054DE31 /* Build configuration list for PBXNativeTarget "Video Game Library" */;
			buildPhases = (
				AC6A54078ED88DFC399496CE /* [CP] Check Pods Manifest.lock */,
				9D104C6F21875A1B0054DE31 /* Sources */,
				9D104C7021875A1B0054DE31 /* Frameworks */,
				9D104C7121875A1B0054DE31 /* Resources */,
				DCECB7103A910BA5F1AA5ADD /* [CP] Embed Pods Frameworks */,
			);
			buildRules = (
			);
			dependencies = (
			);
			name = "Video Game Library";
			productName = "Video Game Library";
			productReference = 9D104C7321875A1B0054DE31 /* Video Game Library.app */;
			productType = "com.apple.product-type.application";
		};
/* End PBXNativeTarget section */

/* Begin PBXProject section */
		9D104C6B21875A1B0054DE31 /* Project object */ = {
			isa = PBXProject;
			attributes = {
				LastSwiftUpdateCheck = 1000;
				LastUpgradeCheck = 1000;
				ORGANIZATIONNAME = "Miranda Jessie";
				TargetAttributes = {
					9D104C7221875A1B0054DE31 = {
						CreatedOnToolsVersion = 10.0;
					};
				};
			};
			buildConfigurationList = 9D104C6E21875A1B0054DE31 /* Build configuration list for PBXProject "Video Game Library" */;
			compatibilityVersion = "Xcode 9.3";
			developmentRegion = en;
			hasScannedForEncodings = 0;
			knownRegions = (
				en,
				Base,
			);
			mainGroup = 9D104C6A21875A1B0054DE31;
			productRefGroup = 9D104C7421875A1B0054DE31 /* Products */;
			projectDirPath = "";
			projectRoot = "";
			targets = (
				9D104C7221875A1B0054DE31 /* Video Game Library */,
			);
		};
/* End PBXProject section */

/* Begin PBXResourcesBuildPhase section */
		9D104C7121875A1B0054DE31 /* Resources */ = {
			isa = PBXResourcesBuildPhase;
			buildActionMask = 2147483647;
			files = (
				9D104C8121875A1C0054DE31 /* LaunchScreen.storyboard in Resources */,
				9D104C7E21875A1C0054DE31 /* Assets.xcassets in Resources */,
				9D104C7C21875A1B0054DE31 /* Main.storyboard in Resources */,
			);
			runOnlyForDeploymentPostprocessing = 0;
		};
/* End PBXResourcesBuildPhase section */

/* Begin PBXShellScriptBuildPhase section */
		AC6A54078ED88DFC399496CE /* [CP] Check Pods Manifest.lock */ = {
			isa = PBXShellScriptBuildPhase;
			buildActionMask = 2147483647;
			files = (
			);
			inputPaths = (
				"${PODS_PODFILE_DIR_PATH}/Podfile.lock",
				"${PODS_ROOT}/Manifest.lock",
			);
			name = "[CP] Check Pods Manifest.lock";
			outputPaths = (
				"$(DERIVED_FILE_DIR)/Pods-Video Game Library-checkManifestLockResult.txt",
			);
			runOnlyForDeploymentPostprocessing = 0;
			shellPath = /bin/sh;
			shellScript = "diff \"${PODS_PODFILE_DIR_PATH}/Podfile.lock\" \"${PODS_ROOT}/Manifest.lock\" > /dev/null\nif [ $? != 0 ] ; then\n    # print error to STDERR\n    echo \"error: The sandbox is not in sync with the Podfile.lock. Run 'pod install' or update your CocoaPods installation.\" >&2\n    exit 1\nfi\n# This output is used by Xcode 'outputs' to avoid re-running this script phase.\necho \"SUCCESS\" > \"${SCRIPT_OUTPUT_FILE_0}\"\n";
			showEnvVarsInLog = 0;
		};
		DCECB7103A910BA5F1AA5ADD /* [CP] Embed Pods Frameworks */ = {
			isa = PBXShellScriptBuildPhase;
			buildActionMask = 2147483647;
			files = (
			);
			inputPaths = (
				"${SRCROOT}/Pods/Target Support Files/Pods-Video Game Library/Pods-Video Game Library-frameworks.sh",
				"${BUILT_PRODUCTS_DIR}/DZNEmptyDataSet/DZNEmptyDataSet.framework",
				"${BUILT_PRODUCTS_DIR}/Realm/Realm.framework",
				"${BUILT_PRODUCTS_DIR}/RealmSwift/RealmSwift.framework",
			);
			name = "[CP] Embed Pods Frameworks";
			outputPaths = (
				"${TARGET_BUILD_DIR}/${FRAMEWORKS_FOLDER_PATH}/DZNEmptyDataSet.framework",
				"${TARGET_BUILD_DIR}/${FRAMEWORKS_FOLDER_PATH}/Realm.framework",
				"${TARGET_BUILD_DIR}/${FRAMEWORKS_FOLDER_PATH}/RealmSwift.framework",
			);
			runOnlyForDeploymentPostprocessing = 0;
			shellPath = /bin/sh;
			shellScript = "\"${SRCROOT}/Pods/Target Support Files/Pods-Video Game Library/Pods-Video Game Library-frameworks.sh\"\n";
			showEnvVarsInLog = 0;
		};
/* End PBXShellScriptBuildPhase section */

/* Begin PBXSourcesBuildPhase section */
		9D104C6F21875A1B0054DE31 /* Sources */ = {
			isa = PBXSourcesBuildPhase;
			buildActionMask = 2147483647;
			files = (
				9D104C7921875A1B0054DE31 /* ViewController.swift in Sources */,
				9D104C7721875A1B0054DE31 /* AppDelegate.swift in Sources */,
				9D104C8921875CE70054DE31 /* Library View Controller.swift in Sources */,
				9DFE3EF3218B589900FFAEE3 /* libraryCell.swift in Sources */,
				9D104C8B218777C20054DE31 /* Game.swift in Sources */,
				9D0C954321893F5800E6FF55 /* addGameViewController.swift in Sources */,
				9D104C8D21877D0B0054DE31 /* Library .swift in Sources */,
			);
			runOnlyForDeploymentPostprocessing = 0;
		};
/* End PBXSourcesBuildPhase section */

/* Begin PBXVariantGroup section */
		9D104C7A21875A1B0054DE31 /* Main.storyboard */ = {
			isa = PBXVariantGroup;
			children = (
				9D104C7B21875A1B0054DE31 /* Base */,
			);
			name = Main.storyboard;
			sourceTree = "<group>";
		};
		9D104C7F21875A1C0054DE31 /* LaunchScreen.storyboard */ = {
			isa = PBXVariantGroup;
			children = (
				9D104C8021875A1C0054DE31 /* Base */,
			);
			name = LaunchScreen.storyboard;
			sourceTree = "<group>";
		};
/* End PBXVariantGroup section */

/* Begin XCBuildConfiguration section */
		9D104C8321875A1C0054DE31 /* Debug */ = {
			isa = XCBuildConfiguration;
			buildSettings = {
				ALWAYS_SEARCH_USER_PATHS = NO;
				CLANG_ANALYZER_NONNULL = YES;
				CLANG_ANALYZER_NUMBER_OBJECT_CONVERSION = YES_AGGRESSIVE;
				CLANG_CXX_LANGUAGE_STANDARD = "gnu++14";
				CLANG_CXX_LIBRARY = "libc++";
				CLANG_ENABLE_MODULES = YES;
				CLANG_ENABLE_OBJC_ARC = YES;
				CLANG_ENABLE_OBJC_WEAK = YES;
				CLANG_WARN_BLOCK_CAPTURE_AUTORELEASING = YES;
				CLANG_WARN_BOOL_CONVERSION = YES;
				CLANG_WARN_COMMA = YES;
				CLANG_WARN_CONSTANT_CONVERSION = YES;
				CLANG_WARN_DEPRECATED_OBJC_IMPLEMENTATIONS = YES;
				CLANG_WARN_DIRECT_OBJC_ISA_USAGE = YES_ERROR;
				CLANG_WARN_DOCUMENTATION_COMMENTS = YES;
				CLANG_WARN_EMPTY_BODY = YES;
				CLANG_WARN_ENUM_CONVERSION = YES;
				CLANG_WARN_INFINITE_RECURSION = YES;
				CLANG_WARN_INT_CONVERSION = YES;
				CLANG_WARN_NON_LITERAL_NULL_CONVERSION = YES;
				CLANG_WARN_OBJC_IMPLICIT_RETAIN_SELF = YES;
				CLANG_WARN_OBJC_LITERAL_CONVERSION = YES;
				CLANG_WARN_OBJC_ROOT_CLASS = YES_ERROR;
				CLANG_WARN_RANGE_LOOP_ANALYSIS = YES;
				CLANG_WARN_STRICT_PROTOTYPES = YES;
				CLANG_WARN_SUSPICIOUS_MOVE = YES;
				CLANG_WARN_UNGUARDED_AVAILABILITY = YES_AGGRESSIVE;
				CLANG_WARN_UNREACHABLE_CODE = YES;
				CLANG_WARN__DUPLICATE_METHOD_MATCH = YES;
				CODE_SIGN_IDENTITY = "iPhone Developer";
				COPY_PHASE_STRIP = NO;
				DEBUG_INFORMATION_FORMAT = dwarf;
				ENABLE_STRICT_OBJC_MSGSEND = YES;
				ENABLE_TESTABILITY = YES;
				GCC_C_LANGUAGE_STANDARD = gnu11;
				GCC_DYNAMIC_NO_PIC = NO;
				GCC_NO_COMMON_BLOCKS = YES;
				GCC_OPTIMIZATION_LEVEL = 0;
				GCC_PREPROCESSOR_DEFINITIONS = (
					"DEBUG=1",
					"$(inherited)",
				);
				GCC_WARN_64_TO_32_BIT_CONVERSION = YES;
				GCC_WARN_ABOUT_RETURN_TYPE = YES_ERROR;
				GCC_WARN_UNDECLARED_SELECTOR = YES;
				GCC_WARN_UNINITIALIZED_AUTOS = YES_AGGRESSIVE;
				GCC_WARN_UNUSED_FUNCTION = YES;
				GCC_WARN_UNUSED_VARIABLE = YES;
				IPHONEOS_DEPLOYMENT_TARGET = 12.0;
				MTL_ENABLE_DEBUG_INFO = INCLUDE_SOURCE;
				MTL_FAST_MATH = YES;
				ONLY_ACTIVE_ARCH = YES;
				SDKROOT = iphoneos;
				SWIFT_ACTIVE_COMPILATION_CONDITIONS = DEBUG;
				SWIFT_OPTIMIZATION_LEVEL = "-Onone";
			};
			name = Debug;
		};
		9D104C8421875A1C0054DE31 /* Release */ = {
			isa = XCBuildConfiguration;
			buildSettings = {
				ALWAYS_SEARCH_USER_PATHS = NO;
				CLANG_ANALYZER_NONNULL = YES;
				CLANG_ANALYZER_NUMBER_OBJECT_CONVERSION = YES_AGGRESSIVE;
				CLANG_CXX_LANGUAGE_STANDARD = "gnu++14";
				CLANG_CXX_LIBRARY = "libc++";
				CLANG_ENABLE_MODULES = YES;
				CLANG_ENABLE_OBJC_ARC = YES;
				CLANG_ENABLE_OBJC_WEAK = YES;
				CLANG_WARN_BLOCK_CAPTURE_AUTORELEASING = YES;
				CLANG_WARN_BOOL_CONVERSION = YES;
				CLANG_WARN_COMMA = YES;
				CLANG_WARN_CONSTANT_CONVERSION = YES;
				CLANG_WARN_DEPRECATED_OBJC_IMPLEMENTATIONS = YES;
				CLANG_WARN_DIRECT_OBJC_ISA_USAGE = YES_ERROR;
				CLANG_WARN_DOCUMENTATION_COMMENTS = YES;
				CLANG_WARN_EMPTY_BODY = YES;
				CLANG_WARN_ENUM_CONVERSION = YES;
				CLANG_WARN_INFINITE_RECURSION = YES;
				CLANG_WARN_INT_CONVERSION = YES;
				CLANG_WARN_NON_LITERAL_NULL_CONVERSION = YES;
				CLANG_WARN_OBJC_IMPLICIT_RETAIN_SELF = YES;
				CLANG_WARN_OBJC_LITERAL_CONVERSION = YES;
				CLANG_WARN_OBJC_ROOT_CLASS = YES_ERROR;
				CLANG_WARN_RANGE_LOOP_ANALYSIS = YES;
				CLANG_WARN_STRICT_PROTOTYPES = YES;
				CLANG_WARN_SUSPICIOUS_MOVE = YES;
				CLANG_WARN_UNGUARDED_AVAILABILITY = YES_AGGRESSIVE;
				CLANG_WARN_UNREACHABLE_CODE = YES;
				CLANG_WARN__DUPLICATE_METHOD_MATCH = YES;
				CODE_SIGN_IDENTITY = "iPhone Developer";
				COPY_PHASE_STRIP = NO;
				DEBUG_INFORMATION_FORMAT = "dwarf-with-dsym";
				ENABLE_NS_ASSERTIONS = NO;
				ENABLE_STRICT_OBJC_MSGSEND = YES;
				GCC_C_LANGUAGE_STANDARD = gnu11;
				GCC_NO_COMMON_BLOCKS = YES;
				GCC_WARN_64_TO_32_BIT_CONVERSION = YES;
				GCC_WARN_ABOUT_RETURN_TYPE = YES_ERROR;
				GCC_WARN_UNDECLARED_SELECTOR = YES;
				GCC_WARN_UNINITIALIZED_AUTOS = YES_AGGRESSIVE;
				GCC_WARN_UNUSED_FUNCTION = YES;
				GCC_WARN_UNUSED_VARIABLE = YES;
				IPHONEOS_DEPLOYMENT_TARGET = 12.0;
				MTL_ENABLE_DEBUG_INFO = NO;
				MTL_FAST_MATH = YES;
				SDKROOT = iphoneos;
				SWIFT_COMPILATION_MODE = wholemodule;
				SWIFT_OPTIMIZATION_LEVEL = "-O";
				VALIDATE_PRODUCT = YES;
			};
			name = Release;
		};
		9D104C8621875A1C0054DE31 /* Debug */ = {
			isa = XCBuildConfiguration;
			baseConfigurationReference = 07131B8CDE7740B95C2419EE /* Pods-Video Game Library.debug.xcconfig */;
			buildSettings = {
				ASSETCATALOG_COMPILER_APPICON_NAME = AppIcon;
				CODE_SIGN_STYLE = Automatic;
				INFOPLIST_FILE = "Video Game Library/Info.plist";
				LD_RUNPATH_SEARCH_PATHS = (
					"$(inherited)",
					"@executable_path/Frameworks",
				);
				PRODUCT_BUNDLE_IDENTIFIER = "com.InteraptSkills.Video-Game-Library";
				PRODUCT_NAME = "$(TARGET_NAME)";
				SWIFT_VERSION = 4.2;
				TARGETED_DEVICE_FAMILY = "1,2";
			};
			name = Debug;
		};
		9D104C8721875A1C0054DE31 /* Release */ = {
			isa = XCBuildConfiguration;
			baseConfigurationReference = 7304F48E9CC66073197372DF /* Pods-Video Game Library.release.xcconfig */;
			buildSettings = {
				ASSETCATALOG_COMPILER_APPICON_NAME = AppIcon;
				CODE_SIGN_STYLE = Automatic;
				INFOPLIST_FILE = "Video Game Library/Info.plist";
				LD_RUNPATH_SEARCH_PATHS = (
					"$(inherited)",
					"@executable_path/Frameworks",
				);
				PRODUCT_BUNDLE_IDENTIFIER = "com.InteraptSkills.Video-Game-Library";
				PRODUCT_NAME = "$(TARGET_NAME)";
				SWIFT_VERSION = 4.2;
				TARGETED_DEVICE_FAMILY = "1,2";
			};
			name = Release;
		};
/* End XCBuildConfiguration section */

/* Begin XCConfigurationList section */
		9D104C6E21875A1B0054DE31 /* Build configuration list for PBXProject "Video Game Library" */ = {
			isa = XCConfigurationList;
			buildConfigurations = (
				9D104C8321875A1C0054DE31 /* Debug */,
				9D104C8421875A1C0054DE31 /* Release */,
			);
			defaultConfigurationIsVisible = 0;
			defaultConfigurationName = Release;
		};
		9D104C8521875A1C0054DE31 /* Build configuration list for PBXNativeTarget "Video Game Library" */ = {
			isa = XCConfigurationList;
			buildConfigurations = (
				9D104C8621875A1C0054DE31 /* Debug */,
				9D104C8721875A1C0054DE31 /* Release */,
			);
			defaultConfigurationIsVisible = 0;
			defaultConfigurationName = Release;
		};
/* End XCConfigurationList section */
	};
	rootObject = 9D104C6B21875A1B0054DE31 /* Project object */;
}
